
Microsoft Visual Studio Solution File, Format Version 12.00
# Visual Studio Version 17
VisualStudioVersion = 17.0.31903.59
MinimumVisualStudioVersion = 10.0.40219.1
Project("{2150E333-8FDC-42A3-9474-1A3956D46DE8}") = "src", "src", "{C90E85C7-2C6D-4BBB-B725-9C66F33886F9}"
EndProject
Project("{2150E333-8FDC-42A3-9474-1A3956D46DE8}") = "test", "test", "{532B3FF2-8123-4D17-ABF3-0F737A615B2F}"
EndProject
Project("{9A19103F-16F7-4668-BE54-9A1E7A4F7556}") = "Barbados.StorageEngine", "src\Barbados.StorageEngine\Barbados.StorageEngine.csproj", "{3DEAB73A-4CDF-402B-8C8C-8F67AD528B94}"
EndProject
Project("{9A19103F-16F7-4668-BE54-9A1E7A4F7556}") = "Barbados.StorageEngine.Tests", "test\Barbados.StorageEngine.Tests\Barbados.StorageEngine.Tests.csproj", "{95BBA039-8CC8-44EE-B996-DE448C14825B}"
EndProject
Project("{9A19103F-16F7-4668-BE54-9A1E7A4F7556}") = "Barbados.StorageEngine.Tests.Integration", "test\Barbados.StorageEngine.Tests.Integration\Barbados.StorageEngine.Tests.Integration.csproj", "{EA8B7E80-B81F-406C-BEED-55E1F65D495D}"
EndProject
Project("{9A19103F-16F7-4668-BE54-9A1E7A4F7556}") = "Barbados.QueryEngine", "src\Barbados.QueryEngine\Barbados.QueryEngine.csproj", "{2ED0EB76-805D-44CD-B59A-844B812EF2D2}"
EndProject
Project("{9A19103F-16F7-4668-BE54-9A1E7A4F7556}") = "Sandbox", "test\Sandbox\Sandbox.csproj", "{0393891F-49E8-45DF-9783-00D6621D8194}"
EndProject
Project("{FAE04EC0-301F-11D3-BF4B-00C04F79EFBC}") = "Barbados.Documents", "src\Barbados.Documents\Barbados.Documents.csproj", "{D479002E-AC0D-45F3-9587-E17FE8C0F77D}"
EndProject
Project("{FAE04EC0-301F-11D3-BF4B-00C04F79EFBC}") = "Barbados.Documents.Tests", "test\Barbados.Documents.Tests\Barbados.Documents.Tests.csproj", "{E8AC8536-C213-450C-9A17-70698E0CE533}"
EndProject
Project("{FAE04EC0-301F-11D3-BF4B-00C04F79EFBC}") = "Barbados.CommonUtils", "src\Barbados.CommonUtils\Barbados.CommonUtils.csproj", "{0953435D-832E-4602-9DB3-FABD733245C7}"
EndProject
Global
	GlobalSection(SolutionConfigurationPlatforms) = preSolution
		Debug|Any CPU = Debug|Any CPU
		Release|Any CPU = Release|Any CPU
	EndGlobalSection
	GlobalSection(ProjectConfigurationPlatforms) = postSolution
		{3DEAB73A-4CDF-402B-8C8C-8F67AD528B94}.Debug|Any CPU.ActiveCfg = Debug|Any CPU
		{3DEAB73A-4CDF-402B-8C8C-8F67AD528B94}.Debug|Any CPU.Build.0 = Debug|Any CPU
		{3DEAB73A-4CDF-402B-8C8C-8F67AD528B94}.Release|Any CPU.ActiveCfg = Release|Any CPU
		{3DEAB73A-4CDF-402B-8C8C-8F67AD528B94}.Release|Any CPU.Build.0 = Release|Any CPU
		{95BBA039-8CC8-44EE-B996-DE448C14825B}.Debug|Any CPU.ActiveCfg = Debug|Any CPU
		{95BBA039-8CC8-44EE-B996-DE448C14825B}.Debug|Any CPU.Build.0 = Debug|Any CPU
		{95BBA039-8CC8-44EE-B996-DE448C14825B}.Release|Any CPU.ActiveCfg = Release|Any CPU
		{95BBA039-8CC8-44EE-B996-DE448C14825B}.Release|Any CPU.Build.0 = Release|Any CPU
		{EA8B7E80-B81F-406C-BEED-55E1F65D495D}.Debug|Any CPU.ActiveCfg = Debug|Any CPU
		{EA8B7E80-B81F-406C-BEED-55E1F65D495D}.Debug|Any CPU.Build.0 = Debug|Any CPU
		{EA8B7E80-B81F-406C-BEED-55E1F65D495D}.Release|Any CPU.ActiveCfg = Release|Any CPU
		{EA8B7E80-B81F-406C-BEED-55E1F65D495D}.Release|Any CPU.Build.0 = Release|Any CPU
		{2ED0EB76-805D-44CD-B59A-844B812EF2D2}.Debug|Any CPU.ActiveCfg = Debug|Any CPU
		{2ED0EB76-805D-44CD-B59A-844B812EF2D2}.Debug|Any CPU.Build.0 = Debug|Any CPU
		{2ED0EB76-805D-44CD-B59A-844B812EF2D2}.Release|Any CPU.ActiveCfg = Release|Any CPU
		{2ED0EB76-805D-44CD-B59A-844B812EF2D2}.Release|Any CPU.Build.0 = Release|Any CPU
		{0393891F-49E8-45DF-9783-00D6621D8194}.Debug|Any CPU.ActiveCfg = Debug|Any CPU
		{0393891F-49E8-45DF-9783-00D6621D8194}.Debug|Any CPU.Build.0 = Debug|Any CPU
		{0393891F-49E8-45DF-9783-00D6621D8194}.Release|Any CPU.ActiveCfg = Release|Any CPU
		{0393891F-49E8-45DF-9783-00D6621D8194}.Release|Any CPU.Build.0 = Release|Any CPU
		{D479002E-AC0D-45F3-9587-E17FE8C0F77D}.Debug|Any CPU.ActiveCfg = Debug|Any CPU
		{D479002E-AC0D-45F3-9587-E17FE8C0F77D}.Debug|Any CPU.Build.0 = Debug|Any CPU
		{D479002E-AC0D-45F3-9587-E17FE8C0F77D}.Release|Any CPU.ActiveCfg = Release|Any CPU
		{D479002E-AC0D-45F3-9587-E17FE8C0F77D}.Release|Any CPU.Build.0 = Release|Any CPU
		{E8AC8536-C213-450C-9A17-70698E0CE533}.Debug|Any CPU.ActiveCfg = Debug|Any CPU
		{E8AC8536-C213-450C-9A17-70698E0CE533}.Debug|Any CPU.Build.0 = Debug|Any CPU
		{E8AC8536-C213-450C-9A17-70698E0CE533}.Release|Any CPU.ActiveCfg = Release|Any CPU
		{E8AC8536-C213-450C-9A17-70698E0CE533}.Release|Any CPU.Build.0 = Release|Any CPU
		{0953435D-832E-4602-9DB3-FABD733245C7}.Debug|Any CPU.ActiveCfg = Debug|Any CPU
		{0953435D-832E-4602-9DB3-FABD733245C7}.Debug|Any CPU.Build.0 = Debug|Any CPU
		{0953435D-832E-4602-9DB3-FABD733245C7}.Release|Any CPU.ActiveCfg = Release|Any CPU
		{0953435D-832E-4602-9DB3-FABD733245C7}.Release|Any CPU.Build.0 = Release|Any CPU
	EndGlobalSection
	GlobalSection(SolutionProperties) = preSolution
		HideSolutionNode = FALSE
	EndGlobalSection
	GlobalSection(NestedProjects) = preSolution
		{3DEAB73A-4CDF-402B-8C8C-8F67AD528B94} = {C90E85C7-2C6D-4BBB-B725-9C66F33886F9}
		{95BBA039-8CC8-44EE-B996-DE448C14825B} = {532B3FF2-8123-4D17-ABF3-0F737A615B2F}
		{EA8B7E80-B81F-406C-BEED-55E1F65D495D} = {532B3FF2-8123-4D17-ABF3-0F737A615B2F}
		{2ED0EB76-805D-44CD-B59A-844B812EF2D2} = {C90E85C7-2C6D-4BBB-B725-9C66F33886F9}
		{0393891F-49E8-45DF-9783-00D6621D8194} = {532B3FF2-8123-4D17-ABF3-0F737A615B2F}
		{D479002E-AC0D-45F3-9587-E17FE8C0F77D} = {C90E85C7-2C6D-4BBB-B725-9C66F33886F9}
		{E8AC8536-C213-450C-9A17-70698E0CE533} = {532B3FF2-8123-4D17-ABF3-0F737A615B2F}
		{0953435D-832E-4602-9DB3-FABD733245C7} = {C90E85C7-2C6D-4BBB-B725-9C66F33886F9}
	EndGlobalSection
	GlobalSection(ExtensibilityGlobals) = postSolution
		SolutionGuid = {E4E78D8E-3FA0-4282-8470-667C31245BC5}
	EndGlobalSection
EndGlobal
